
Microsoft Visual Studio Solution File, Format Version 12.00
# Visual Studio Version 17
VisualStudioVersion = 17.5.33530.505
MinimumVisualStudioVersion = 10.0.40219.1
Project("{FAE04EC0-301F-11D3-BF4B-00C04F79EFBC}") = "F1Tracker", "F1Tracker.csproj", "{AA2F412D-CCAA-4D23-BDFB-4E1305ACD52C}"
EndProject
Project("{FAE04EC0-301F-11D3-BF4B-00C04F79EFBC}") = "ViewModel", "..\ViewModel\ViewModel.csproj", "{61F593DC-FE52-46C3-A95B-C255A9224C70}"
EndProject
Global
	GlobalSection(SolutionConfigurationPlatforms) = preSolution
		Debug|Any CPU = Debug|Any CPU
		Release|Any CPU = Release|Any CPU
	EndGlobalSection
	GlobalSection(ProjectConfigurationPlatforms) = postSolution
		{AA2F412D-CCAA-4D23-BDFB-4E1305ACD52C}.Debug|Any CPU.ActiveCfg = Debug|Any CPU
		{AA2F412D-CCAA-4D23-BDFB-4E1305ACD52C}.Debug|Any CPU.Build.0 = Debug|Any CPU
		{AA2F412D-CCAA-4D23-BDFB-4E1305ACD52C}.Release|Any CPU.ActiveCfg = Release|Any CPU
		{AA2F412D-CCAA-4D23-BDFB-4E1305ACD52C}.Release|Any CPU.Build.0 = Release|Any CPU
		{61F593DC-FE52-46C3-A95B-C255A9224C70}.Debug|Any CPU.ActiveCfg = Debug|Any CPU
		{61F593DC-FE52-46C3-A95B-C255A9224C70}.Debug|Any CPU.Build.0 = Debug|Any CPU
		{61F593DC-FE52-46C3-A95B-C255A9224C70}.Release|Any CPU.ActiveCfg = Release|Any CPU
		{61F593DC-FE52-46C3-A95B-C255A9224C70}.Release|Any CPU.Build.0 = Release|Any CPU
	EndGlobalSection
	GlobalSection(SolutionProperties) = preSolution
		HideSolutionNode = FALSE
	EndGlobalSection
	GlobalSection(ExtensibilityGlobals) = postSolution
		SolutionGuid = {184C9A78-D5E2-452C-BE83-3E23D688066F}
	EndGlobalSection
EndGlobal
